// !$*UTF8*$!
{
	archiveVersion = 1;
	classes = {
	};
	objectVersion = 51;
	objects = {

/* Begin PBXBuildFile section */
		1898A5EE286C42B9006806F8 /* AppDelegate.swift in Sources */ = {isa = PBXBuildFile; fileRef = 1898A5ED286C42B9006806F8 /* AppDelegate.swift */; };
		1898A5F7286C42BB006806F8 /* Assets.xcassets in Resources */ = {isa = PBXBuildFile; fileRef = 1898A5F6286C42BB006806F8 /* Assets.xcassets */; };
		1898A5FA286C42BB006806F8 /* LaunchScreen.storyboard in Resources */ = {isa = PBXBuildFile; fileRef = 1898A5F8286C42BB006806F8 /* LaunchScreen.storyboard */; };
		1898A605286C42BB006806F8 /* TaskTests.swift in Sources */ = {isa = PBXBuildFile; fileRef = 1898A604286C42BB006806F8 /* TaskTests.swift */; };
		1898A610286C42BB006806F8 /* TaskUITests.swift in Sources */ = {isa = PBXBuildFile; fileRef = 1898A60F286C42BB006806F8 /* TaskUITests.swift */; };
		1898A61E286C4683006806F8 /* HomeViewController.swift in Sources */ = {isa = PBXBuildFile; fileRef = 1898A61D286C4683006806F8 /* HomeViewController.swift */; };
		1898A627286C4808006806F8 /* APIClient.swift in Sources */ = {isa = PBXBuildFile; fileRef = 1898A626286C4808006806F8 /* APIClient.swift */; };
		1898A629286C482C006806F8 /* AppConstant.swift in Sources */ = {isa = PBXBuildFile; fileRef = 1898A628286C482C006806F8 /* AppConstant.swift */; };
		1898A62B286C486C006806F8 /* UIViewController+Extension.swift in Sources */ = {isa = PBXBuildFile; fileRef = 1898A62A286C486C006806F8 /* UIViewController+Extension.swift */; };
		1898A62D286C489E006806F8 /* FitImageView.swift in Sources */ = {isa = PBXBuildFile; fileRef = 1898A62C286C489E006806F8 /* FitImageView.swift */; };
		1898A62F286C48CC006806F8 /* HomeDataModel.swift in Sources */ = {isa = PBXBuildFile; fileRef = 1898A62E286C48CC006806F8 /* HomeDataModel.swift */; };
		1898A631286C48E3006806F8 /* HomeViewModel.swift in Sources */ = {isa = PBXBuildFile; fileRef = 1898A630286C48E3006806F8 /* HomeViewModel.swift */; };
		80BAA6BE66D85D6256708F0B /* Pods_TaskTests.framework in Frameworks */ = {isa = PBXBuildFile; fileRef = 76FD33F219A6ED98645638C1 /* Pods_TaskTests.framework */; };
		BBEE4D335A91E901FB404D77 /* Pods_Task_TaskUITests.framework in Frameworks */ = {isa = PBXBuildFile; fileRef = 74833FB2EB34D1EB2131E29B /* Pods_Task_TaskUITests.framework */; };
		EB917ECCE65EBF7C1E9CC2D9 /* Pods_Task.framework in Frameworks */ = {isa = PBXBuildFile; fileRef = 327F0B60F8F89E97BCD4683B /* Pods_Task.framework */; };
/* End PBXBuildFile section */

/* Begin PBXContainerItemProxy section */
		1898A601286C42BB006806F8 /* PBXContainerItemProxy */ = {
			isa = PBXContainerItemProxy;
			containerPortal = 1898A5E2286C42B9006806F8 /* Project object */;
			proxyType = 1;
			remoteGlobalIDString = 1898A5E9286C42B9006806F8;
			remoteInfo = Task;
		};
		1898A60C286C42BB006806F8 /* PBXContainerItemProxy */ = {
			isa = PBXContainerItemProxy;
			containerPortal = 1898A5E2286C42B9006806F8 /* Project object */;
			proxyType = 1;
			remoteGlobalIDString = 1898A5E9286C42B9006806F8;
			remoteInfo = Task;
		};
/* End PBXContainerItemProxy section */

/* Begin PBXFileReference section */
		127C40295EE3267BEA719761 /* Pods-TaskTests.debug.xcconfig */ = {isa = PBXFileReference; includeInIndex = 1; lastKnownFileType = text.xcconfig; name = "Pods-TaskTests.debug.xcconfig"; path = "Target Support Files/Pods-TaskTests/Pods-TaskTests.debug.xcconfig"; sourceTree = "<group>"; };
		1898A5EA286C42B9006806F8 /* Task.app */ = {isa = PBXFileReference; explicitFileType = wrapper.application; includeInIndex = 0; path = Task.app; sourceTree = BUILT_PRODUCTS_DIR; };
		1898A5ED286C42B9006806F8 /* AppDelegate.swift */ = {isa = PBXFileReference; lastKnownFileType = sourcecode.swift; path = AppDelegate.swift; sourceTree = "<group>"; };
		1898A5F6286C42BB006806F8 /* Assets.xcassets */ = {isa = PBXFileReference; lastKnownFileType = folder.assetcatalog; path = Assets.xcassets; sourceTree = "<group>"; };
		1898A5F9286C42BB006806F8 /* Base */ = {isa = PBXFileReference; lastKnownFileType = file.storyboard; name = Base; path = Base.lproj/LaunchScreen.storyboard; sourceTree = "<group>"; };
		1898A5FB286C42BB006806F8 /* Info.plist */ = {isa = PBXFileReference; lastKnownFileType = text.plist.xml; path = Info.plist; sourceTree = "<group>"; };
		1898A600286C42BB006806F8 /* TaskTests.xctest */ = {isa = PBXFileReference; explicitFileType = wrapper.cfbundle; includeInIndex = 0; path = TaskTests.xctest; sourceTree = BUILT_PRODUCTS_DIR; };
		1898A604286C42BB006806F8 /* TaskTests.swift */ = {isa = PBXFileReference; lastKnownFileType = sourcecode.swift; path = TaskTests.swift; sourceTree = "<group>"; };
		1898A606286C42BB006806F8 /* Info.plist */ = {isa = PBXFileReference; lastKnownFileType = text.plist.xml; path = Info.plist; sourceTree = "<group>"; };
		1898A60B286C42BB006806F8 /* TaskUITests.xctest */ = {isa = PBXFileReference; explicitFileType = wrapper.cfbundle; includeInIndex = 0; path = TaskUITests.xctest; sourceTree = BUILT_PRODUCTS_DIR; };
		1898A60F286C42BB006806F8 /* TaskUITests.swift */ = {isa = PBXFileReference; lastKnownFileType = sourcecode.swift; path = TaskUITests.swift; sourceTree = "<group>"; };
		1898A611286C42BB006806F8 /* Info.plist */ = {isa = PBXFileReference; lastKnownFileType = text.plist.xml; path = Info.plist; sourceTree = "<group>"; };
		1898A61D286C4683006806F8 /* HomeViewController.swift */ = {isa = PBXFileReference; lastKnownFileType = sourcecode.swift; path = HomeViewController.swift; sourceTree = "<group>"; };
		1898A626286C4808006806F8 /* APIClient.swift */ = {isa = PBXFileReference; lastKnownFileType = sourcecode.swift; path = APIClient.swift; sourceTree = "<group>"; };
		1898A628286C482C006806F8 /* AppConstant.swift */ = {isa = PBXFileReference; lastKnownFileType = sourcecode.swift; path = AppConstant.swift; sourceTree = "<group>"; };
		1898A62A286C486C006806F8 /* UIViewController+Extension.swift */ = {isa = PBXFileReference; lastKnownFileType = sourcecode.swift; path = "UIViewController+Extension.swift"; sourceTree = "<group>"; };
		1898A62C286C489E006806F8 /* FitImageView.swift */ = {isa = PBXFileReference; lastKnownFileType = sourcecode.swift; path = FitImageView.swift; sourceTree = "<group>"; };
		1898A62E286C48CC006806F8 /* HomeDataModel.swift */ = {isa = PBXFileReference; lastKnownFileType = sourcecode.swift; path = HomeDataModel.swift; sourceTree = "<group>"; };
		1898A630286C48E3006806F8 /* HomeViewModel.swift */ = {isa = PBXFileReference; lastKnownFileType = sourcecode.swift; path = HomeViewModel.swift; sourceTree = "<group>"; };
		1EDA4C8884280FB911E7972B /* Pods-Task-TaskUITests.release.xcconfig */ = {isa = PBXFileReference; includeInIndex = 1; lastKnownFileType = text.xcconfig; name = "Pods-Task-TaskUITests.release.xcconfig"; path = "Target Support Files/Pods-Task-TaskUITests/Pods-Task-TaskUITests.release.xcconfig"; sourceTree = "<group>"; };
		327F0B60F8F89E97BCD4683B /* Pods_Task.framework */ = {isa = PBXFileReference; explicitFileType = wrapper.framework; includeInIndex = 0; path = Pods_Task.framework; sourceTree = BUILT_PRODUCTS_DIR; };
		4B0703F633AC8A673F424B17 /* Pods-TaskTests.release.xcconfig */ = {isa = PBXFileReference; includeInIndex = 1; lastKnownFileType = text.xcconfig; name = "Pods-TaskTests.release.xcconfig"; path = "Target Support Files/Pods-TaskTests/Pods-TaskTests.release.xcconfig"; sourceTree = "<group>"; };
		74833FB2EB34D1EB2131E29B /* Pods_Task_TaskUITests.framework */ = {isa = PBXFileReference; explicitFileType = wrapper.framework; includeInIndex = 0; path = Pods_Task_TaskUITests.framework; sourceTree = BUILT_PRODUCTS_DIR; };
		76FD33F219A6ED98645638C1 /* Pods_TaskTests.framework */ = {isa = PBXFileReference; explicitFileType = wrapper.framework; includeInIndex = 0; path = Pods_TaskTests.framework; sourceTree = BUILT_PRODUCTS_DIR; };
		A39F0685D5CC3AA1416F3718 /* Pods-Task.debug.xcconfig */ = {isa = PBXFileReference; includeInIndex = 1; lastKnownFileType = text.xcconfig; name = "Pods-Task.debug.xcconfig"; path = "Target Support Files/Pods-Task/Pods-Task.debug.xcconfig"; sourceTree = "<group>"; };
		AAA5AD4D684F457120E97AD1 /* Pods-Task-TaskUITests.debug.xcconfig */ = {isa = PBXFileReference; includeInIndex = 1; lastKnownFileType = text.xcconfig; name = "Pods-Task-TaskUITests.debug.xcconfig"; path = "Target Support Files/Pods-Task-TaskUITests/Pods-Task-TaskUITests.debug.xcconfig"; sourceTree = "<group>"; };
		CD5353CE08E1A77CA42080C1 /* Pods-Task.release.xcconfig */ = {isa = PBXFileReference; includeInIndex = 1; lastKnownFileType = text.xcconfig; name = "Pods-Task.release.xcconfig"; path = "Target Support Files/Pods-Task/Pods-Task.release.xcconfig"; sourceTree = "<group>"; };
/* End PBXFileReference section */

/* Begin PBXFrameworksBuildPhase section */
		1898A5E7286C42B9006806F8 /* Frameworks */ = {
			isa = PBXFrameworksBuildPhase;
			buildActionMask = 2147483647;
			files = (
				EB917ECCE65EBF7C1E9CC2D9 /* Pods_Task.framework in Frameworks */,
			);
			runOnlyForDeploymentPostprocessing = 0;
		};
		1898A5FD286C42BB006806F8 /* Frameworks */ = {
			isa = PBXFrameworksBuildPhase;
			buildActionMask = 2147483647;
			files = (
				80BAA6BE66D85D6256708F0B /* Pods_TaskTests.framework in Frameworks */,
			);
			runOnlyForDeploymentPostprocessing = 0;
		};
		1898A608286C42BB006806F8 /* Frameworks */ = {
			isa = PBXFrameworksBuildPhase;
			buildActionMask = 2147483647;
			files = (
				BBEE4D335A91E901FB404D77 /* Pods_Task_TaskUITests.framework in Frameworks */,
			);
			runOnlyForDeploymentPostprocessing = 0;
		};
/* End PBXFrameworksBuildPhase section */

/* Begin PBXGroup section */
		1898A5E1286C42B9006806F8 = {
			isa = PBXGroup;
			children = (
				1898A5EC286C42B9006806F8 /* Task */,
				1898A603286C42BB006806F8 /* TaskTests */,
				1898A60E286C42BB006806F8 /* TaskUITests */,
				1898A5EB286C42B9006806F8 /* Products */,
				849A1AC58A3E4E174C0E019B /* Pods */,
				FB20626CBE332405A58576ED /* Frameworks */,
			);
			sourceTree = "<group>";
		};
		1898A5EB286C42B9006806F8 /* Products */ = {
			isa = PBXGroup;
			children = (
				1898A5EA286C42B9006806F8 /* Task.app */,
				1898A600286C42BB006806F8 /* TaskTests.xctest */,
				1898A60B286C42BB006806F8 /* TaskUITests.xctest */,
			);
			name = Products;
			sourceTree = "<group>";
		};
		1898A5EC286C42B9006806F8 /* Task */ = {
			isa = PBXGroup;
			children = (
				1898A5ED286C42B9006806F8 /* AppDelegate.swift */,
				1898A61D286C4683006806F8 /* HomeViewController.swift */,
				1898A623286C47EC006806F8 /* Cell */,
				1898A622286C47E6006806F8 /* ViewModel */,
				1898A621286C47DE006806F8 /* DataModel */,
				1898A620286C47D4006806F8 /* Helper */,
				1898A61F286C47C5006806F8 /* Networking */,
				1898A5F6286C42BB006806F8 /* Assets.xcassets */,
				1898A5F8286C42BB006806F8 /* LaunchScreen.storyboard */,
				1898A5FB286C42BB006806F8 /* Info.plist */,
			);
			path = Task;
			sourceTree = "<group>";
		};
		1898A603286C42BB006806F8 /* TaskTests */ = {
			isa = PBXGroup;
			children = (
				1898A604286C42BB006806F8 /* TaskTests.swift */,
				1898A606286C42BB006806F8 /* Info.plist */,
			);
			path = TaskTests;
			sourceTree = "<group>";
		};
		1898A60E286C42BB006806F8 /* TaskUITests */ = {
			isa = PBXGroup;
			children = (
				1898A60F286C42BB006806F8 /* TaskUITests.swift */,
				1898A611286C42BB006806F8 /* Info.plist */,
			);
			path = TaskUITests;
			sourceTree = "<group>";
		};
		1898A61F286C47C5006806F8 /* Networking */ = {
			isa = PBXGroup;
			children = (
				1898A626286C4808006806F8 /* APIClient.swift */,
				1898A628286C482C006806F8 /* AppConstant.swift */,
			);
			path = Networking;
			sourceTree = "<group>";
		};
		1898A620286C47D4006806F8 /* Helper */ = {
			isa = PBXGroup;
			children = (
				1898A62A286C486C006806F8 /* UIViewController+Extension.swift */,
				1898A62C286C489E006806F8 /* FitImageView.swift */,
			);
			path = Helper;
			sourceTree = "<group>";
		};
		1898A621286C47DE006806F8 /* DataModel */ = {
			isa = PBXGroup;
			children = (
				1898A62E286C48CC006806F8 /* HomeDataModel.swift */,
			);
			path = DataModel;
			sourceTree = "<group>";
		};
		1898A622286C47E6006806F8 /* ViewModel */ = {
			isa = PBXGroup;
			children = (
				1898A630286C48E3006806F8 /* HomeViewModel.swift */,
			);
			path = ViewModel;
			sourceTree = "<group>";
		};
		1898A623286C47EC006806F8 /* Cell */ = {
			isa = PBXGroup;
			children = (
			);
			path = Cell;
			sourceTree = "<group>";
		};
		849A1AC58A3E4E174C0E019B /* Pods */ = {
			isa = PBXGroup;
			children = (
				A39F0685D5CC3AA1416F3718 /* Pods-Task.debug.xcconfig */,
				CD5353CE08E1A77CA42080C1 /* Pods-Task.release.xcconfig */,
				AAA5AD4D684F457120E97AD1 /* Pods-Task-TaskUITests.debug.xcconfig */,
				1EDA4C8884280FB911E7972B /* Pods-Task-TaskUITests.release.xcconfig */,
				127C40295EE3267BEA719761 /* Pods-TaskTests.debug.xcconfig */,
				4B0703F633AC8A673F424B17 /* Pods-TaskTests.release.xcconfig */,
			);
			path = Pods;
			sourceTree = "<group>";
		};
		FB20626CBE332405A58576ED /* Frameworks */ = {
			isa = PBXGroup;
			children = (
				327F0B60F8F89E97BCD4683B /* Pods_Task.framework */,
				74833FB2EB34D1EB2131E29B /* Pods_Task_TaskUITests.framework */,
				76FD33F219A6ED98645638C1 /* Pods_TaskTests.framework */,
			);
			name = Frameworks;
			sourceTree = "<group>";
		};
/* End PBXGroup section */

/* Begin PBXNativeTarget section */
		1898A5E9286C42B9006806F8 /* Task */ = {
			isa = PBXNativeTarget;
			buildConfigurationList = 1898A614286C42BB006806F8 /* Build configuration list for PBXNativeTarget "Task" */;
			buildPhases = (
				13E02963BDB54363EDED6925 /* [CP] Check Pods Manifest.lock */,
				1898A5E6286C42B9006806F8 /* Sources */,
				1898A5E7286C42B9006806F8 /* Frameworks */,
				1898A5E8286C42B9006806F8 /* Resources */,
				6EE515803475C0C3C663A8CD /* [CP] Embed Pods Frameworks */,
			);
			buildRules = (
			);
			dependencies = (
			);
			name = Task;
			productName = Task;
			productReference = 1898A5EA286C42B9006806F8 /* Task.app */;
			productType = "com.apple.product-type.application";
		};
		1898A5FF286C42BB006806F8 /* TaskTests */ = {
			isa = PBXNativeTarget;
			buildConfigurationList = 1898A617286C42BB006806F8 /* Build configuration list for PBXNativeTarget "TaskTests" */;
			buildPhases = (
				371E97400DD151A3BA68FDCB /* [CP] Check Pods Manifest.lock */,
				1898A5FC286C42BB006806F8 /* Sources */,
				1898A5FD286C42BB006806F8 /* Frameworks */,
				1898A5FE286C42BB006806F8 /* Resources */,
			);
			buildRules = (
			);
			dependencies = (
				1898A602286C42BB006806F8 /* PBXTargetDependency */,
			);
			name = TaskTests;
			productName = TaskTests;
			productReference = 1898A600286C42BB006806F8 /* TaskTests.xctest */;
			productType = "com.apple.product-type.bundle.unit-test";
		};
		1898A60A286C42BB006806F8 /* TaskUITests */ = {
			isa = PBXNativeTarget;
			buildConfigurationList = 1898A61A286C42BB006806F8 /* Build configuration list for PBXNativeTarget "TaskUITests" */;
			buildPhases = (
				8DD66EE408C7F47EFC1153C7 /* [CP] Check Pods Manifest.lock */,
				1898A607286C42BB006806F8 /* Sources */,
				1898A608286C42BB006806F8 /* Frameworks */,
				1898A609286C42BB006806F8 /* Resources */,
				FCA9D4743A374C59D5E028BE /* [CP] Embed Pods Frameworks */,
			);
			buildRules = (
			);
			dependencies = (
				1898A60D286C42BB006806F8 /* PBXTargetDependency */,
			);
			name = TaskUITests;
			productName = TaskUITests;
			productReference = 1898A60B286C42BB006806F8 /* TaskUITests.xctest */;
			productType = "com.apple.product-type.bundle.ui-testing";
		};
/* End PBXNativeTarget section */

/* Begin PBXProject section */
		1898A5E2286C42B9006806F8 /* Project object */ = {
			isa = PBXProject;
			attributes = {
				LastSwiftUpdateCheck = 1250;
				LastUpgradeCheck = 1250;
				TargetAttributes = {
					1898A5E9286C42B9006806F8 = {
						CreatedOnToolsVersion = 12.5.1;
					};
					1898A5FF286C42BB006806F8 = {
						CreatedOnToolsVersion = 12.5.1;
						TestTargetID = 1898A5E9286C42B9006806F8;
					};
					1898A60A286C42BB006806F8 = {
						CreatedOnToolsVersion = 12.5.1;
						TestTargetID = 1898A5E9286C42B9006806F8;
					};
				};
			};
			buildConfigurationList = 1898A5E5286C42B9006806F8 /* Build configuration list for PBXProject "Task" */;
			compatibilityVersion = "Xcode 9.3";
			developmentRegion = en;
			hasScannedForEncodings = 0;
			knownRegions = (
				en,
				Base,
			);
			mainGroup = 1898A5E1286C42B9006806F8;
			productRefGroup = 1898A5EB286C42B9006806F8 /* Products */;
			projectDirPath = "";
			projectRoot = "";
			targets = (
				1898A5E9286C42B9006806F8 /* Task */,
				1898A5FF286C42BB006806F8 /* TaskTests */,
				1898A60A286C42BB006806F8 /* TaskUITests */,
			);
		};
/* End PBXProject section */

/* Begin PBXResourcesBuildPhase section */
		1898A5E8286C42B9006806F8 /* Resources */ = {
			isa = PBXResourcesBuildPhase;
			buildActionMask = 2147483647;
			files = (
				1898A5FA286C42BB006806F8 /* LaunchScreen.storyboard in Resources */,
				1898A5F7286C42BB006806F8 /* Assets.xcassets in Resources */,
			);
			runOnlyForDeploymentPostprocessing = 0;
		};
		1898A5FE286C42BB006806F8 /* Resources */ = {
			isa = PBXResourcesBuildPhase;
			buildActionMask = 2147483647;
			files = (
			);
			runOnlyForDeploymentPostprocessing = 0;
		};
		1898A609286C42BB006806F8 /* Resources */ = {
			isa = PBXResourcesBuildPhase;
			buildActionMask = 2147483647;
			files = (
			);
			runOnlyForDeploymentPostprocessing = 0;
		};
/* End PBXResourcesBuildPhase section */

/* Begin PBXShellScriptBuildPhase section */
		13E02963BDB54363EDED6925 /* [CP] Check Pods Manifest.lock */ = {
			isa = PBXShellScriptBuildPhase;
			buildActionMask = 2147483647;
			files = (
			);
			inputFileListPaths = (
			);
			inputPaths = (
				"${PODS_PODFILE_DIR_PATH}/Podfile.lock",
				"${PODS_ROOT}/Manifest.lock",
			);
			name = "[CP] Check Pods Manifest.lock";
			outputFileListPaths = (
			);
			outputPaths = (
				"$(DERIVED_FILE_DIR)/Pods-Task-checkManifestLockResult.txt",
			);
			runOnlyForDeploymentPostprocessing = 0;
			shellPath = /bin/sh;
			shellScript = "diff \"${PODS_PODFILE_DIR_PATH}/Podfile.lock\" \"${PODS_ROOT}/Manifest.lock\" > /dev/null\nif [ $? != 0 ] ; then\n    # print error to STDERR\n    echo \"error: The sandbox is not in sync with the Podfile.lock. Run 'pod install' or update your CocoaPods installation.\" >&2\n    exit 1\nfi\n# This output is used by Xcode 'outputs' to avoid re-running this script phase.\necho \"SUCCESS\" > \"${SCRIPT_OUTPUT_FILE_0}\"\n";
			showEnvVarsInLog = 0;
		};
		371E97400DD151A3BA68FDCB /* [CP] Check Pods Manifest.lock */ = {
			isa = PBXShellScriptBuildPhase;
			buildActionMask = 2147483647;
			files = (
			);
			inputFileListPaths = (
			);
			inputPaths = (
				"${PODS_PODFILE_DIR_PATH}/Podfile.lock",
				"${PODS_ROOT}/Manifest.lock",
			);
			name = "[CP] Check Pods Manifest.lock";
			outputFileListPaths = (
			);
			outputPaths = (
				"$(DERIVED_FILE_DIR)/Pods-TaskTests-checkManifestLockResult.txt",
			);
			runOnlyForDeploymentPostprocessing = 0;
			shellPath = /bin/sh;
			shellScript = "diff \"${PODS_PODFILE_DIR_PATH}/Podfile.lock\" \"${PODS_ROOT}/Manifest.lock\" > /dev/null\nif [ $? != 0 ] ; then\n    # print error to STDERR\n    echo \"error: The sandbox is not in sync with the Podfile.lock. Run 'pod install' or update your CocoaPods installation.\" >&2\n    exit 1\nfi\n# This output is used by Xcode 'outputs' to avoid re-running this script phase.\necho \"SUCCESS\" > \"${SCRIPT_OUTPUT_FILE_0}\"\n";
			showEnvVarsInLog = 0;
		};
		6EE515803475C0C3C663A8CD /* [CP] Embed Pods Frameworks */ = {
			isa = PBXShellScriptBuildPhase;
			buildActionMask = 2147483647;
			files = (
			);
			inputFileListPaths = (
				"${PODS_ROOT}/Target Support Files/Pods-Task/Pods-Task-frameworks-${CONFIGURATION}-input-files.xcfilelist",
			);
			name = "[CP] Embed Pods Frameworks";
			outputFileListPaths = (
				"${PODS_ROOT}/Target Support Files/Pods-Task/Pods-Task-frameworks-${CONFIGURATION}-output-files.xcfilelist",
			);
			runOnlyForDeploymentPostprocessing = 0;
			shellPath = /bin/sh;
			shellScript = "\"${PODS_ROOT}/Target Support Files/Pods-Task/Pods-Task-frameworks.sh\"\n";
			showEnvVarsInLog = 0;
		};
		8DD66EE408C7F47EFC1153C7 /* [CP] Check Pods Manifest.lock */ = {
			isa = PBXShellScriptBuildPhase;
			buildActionMask = 2147483647;
			files = (
			);
			inputFileListPaths = (
			);
			inputPaths = (
				"${PODS_PODFILE_DIR_PATH}/Podfile.lock",
				"${PODS_ROOT}/Manifest.lock",
			);
			name = "[CP] Check Pods Manifest.lock";
			outputFileListPaths = (
			);
			outputPaths = (
				"$(DERIVED_FILE_DIR)/Pods-Task-TaskUITests-checkManifestLockResult.txt",
			);
			runOnlyForDeploymentPostprocessing = 0;
			shellPath = /bin/sh;
			shellScript = "diff \"${PODS_PODFILE_DIR_PATH}/Podfile.lock\" \"${PODS_ROOT}/Manifest.lock\" > /dev/null\nif [ $? != 0 ] ; then\n    # print error to STDERR\n    echo \"error: The sandbox is not in sync with the Podfile.lock. Run 'pod install' or update your CocoaPods installation.\" >&2\n    exit 1\nfi\n# This output is used by Xcode 'outputs' to avoid re-running this script phase.\necho \"SUCCESS\" > \"${SCRIPT_OUTPUT_FILE_0}\"\n";
			showEnvVarsInLog = 0;
		};
		FCA9D4743A374C59D5E028BE /* [CP] Embed Pods Frameworks */ = {
			isa = PBXShellScriptBuildPhase;
			buildActionMask = 2147483647;
			files = (
			);
			inputFileListPaths = (
				"${PODS_ROOT}/Target Support Files/Pods-Task-TaskUITests/Pods-Task-TaskUITests-frameworks-${CONFIGURATION}-input-files.xcfilelist",
			);
			name = "[CP] Embed Pods Frameworks";
			outputFileListPaths = (
				"${PODS_ROOT}/Target Support Files/Pods-Task-TaskUITests/Pods-Task-TaskUITests-frameworks-${CONFIGURATION}-output-files.xcfilelist",
			);
			runOnlyForDeploymentPostprocessing = 0;
			shellPath = /bin/sh;
			shellScript = "\"${PODS_ROOT}/Target Support Files/Pods-Task-TaskUITests/Pods-Task-TaskUITests-frameworks.sh\"\n";
			showEnvVarsInLog = 0;
		};
/* End PBXShellScriptBuildPhase section */

/* Begin PBXSourcesBuildPhase section */
		1898A5E6286C42B9006806F8 /* Sources */ = {
			isa = PBXSourcesBuildPhase;
			buildActionMask = 2147483647;
			files = (
				1898A5EE286C42B9006806F8 /* AppDelegate.swift in Sources */,
				1898A61E286C4683006806F8 /* HomeViewController.swift in Sources */,
				1898A62D286C489E006806F8 /* FitImageView.swift in Sources */,
				1898A631286C48E3006806F8 /* HomeViewModel.swift in Sources */,
				1898A627286C4808006806F8 /* APIClient.swift in Sources */,
				1898A62F286C48CC006806F8 /* HomeDataModel.swift in Sources */,
				1898A62B286C486C006806F8 /* UIViewController+Extension.swift in Sources */,
				1898A629286C482C006806F8 /* AppConstant.swift in Sources */,
			);
			runOnlyForDeploymentPostprocessing = 0;
		};
		1898A5FC286C42BB006806F8 /* Sources */ = {
			isa = PBXSourcesBuildPhase;
			buildActionMask = 2147483647;
			files = (
				1898A605286C42BB006806F8 /* TaskTests.swift in Sources */,
			);
			runOnlyForDeploymentPostprocessing = 0;
		};
		1898A607286C42BB006806F8 /* Sources */ = {
			isa = PBXSourcesBuildPhase;
			buildActionMask = 2147483647;
			files = (
				1898A610286C42BB006806F8 /* TaskUITests.swift in Sources */,
			);
			runOnlyForDeploymentPostprocessing = 0;
		};
/* End PBXSourcesBuildPhase section */

/* Begin PBXTargetDependency section */
		1898A602286C42BB006806F8 /* PBXTargetDependency */ = {
			isa = PBXTargetDependency;
			target = 1898A5E9286C42B9006806F8 /* Task */;
			targetProxy = 1898A601286C42BB006806F8 /* PBXContainerItemProxy */;
		};
		1898A60D286C42BB006806F8 /* PBXTargetDependency */ = {
			isa = PBXTargetDependency;
			target = 1898A5E9286C42B9006806F8 /* Task */;
			targetProxy = 1898A60C286C42BB006806F8 /* PBXContainerItemProxy */;
		};
/* End PBXTargetDependency section */

/* Begin PBXVariantGroup section */
		1898A5F8286C42BB006806F8 /* LaunchScreen.storyboard */ = {
			isa = PBXVariantGroup;
			children = (
				1898A5F9286C42BB006806F8 /* Base */,
			);
			name = LaunchScreen.storyboard;
			sourceTree = "<group>";
		};
/* End PBXVariantGroup section */

/* Begin XCBuildConfiguration section */
		1898A612286C42BB006806F8 /* Debug */ = {
			isa = XCBuildConfiguration;
			buildSettings = {
				ALWAYS_SEARCH_USER_PATHS = NO;
				CLANG_ANALYZER_NONNULL = YES;
				CLANG_ANALYZER_NUMBER_OBJECT_CONVERSION = YES_AGGRESSIVE;
				CLANG_CXX_LANGUAGE_STANDARD = "gnu++14";
				CLANG_CXX_LIBRARY = "libc++";
				CLANG_ENABLE_MODULES = YES;
				CLANG_ENABLE_OBJC_ARC = YES;
				CLANG_ENABLE_OBJC_WEAK = YES;
				CLANG_WARN_BLOCK_CAPTURE_AUTORELEASING = YES;
				CLANG_WARN_BOOL_CONVERSION = YES;
				CLANG_WARN_COMMA = YES;
				CLANG_WARN_CONSTANT_CONVERSION = YES;
				CLANG_WARN_DEPRECATED_OBJC_IMPLEMENTATIONS = YES;
				CLANG_WARN_DIRECT_OBJC_ISA_USAGE = YES_ERROR;
				CLANG_WARN_DOCUMENTATION_COMMENTS = YES;
				CLANG_WARN_EMPTY_BODY = YES;
				CLANG_WARN_ENUM_CONVERSION = YES;
				CLANG_WARN_INFINITE_RECURSION = YES;
				CLANG_WARN_INT_CONVERSION = YES;
				CLANG_WARN_NON_LITERAL_NULL_CONVERSION = YES;
				CLANG_WARN_OBJC_IMPLICIT_RETAIN_SELF = YES;
				CLANG_WARN_OBJC_LITERAL_CONVERSION = YES;
				CLANG_WARN_OBJC_ROOT_CLASS = YES_ERROR;
				CLANG_WARN_QUOTED_INCLUDE_IN_FRAMEWORK_HEADER = YES;
				CLANG_WARN_RANGE_LOOP_ANALYSIS = YES;
				CLANG_WARN_STRICT_PROTOTYPES = YES;
				CLANG_WARN_SUSPICIOUS_MOVE = YES;
				CLANG_WARN_UNGUARDED_AVAILABILITY = YES_AGGRESSIVE;
				CLANG_WARN_UNREACHABLE_CODE = YES;
				CLANG_WARN__DUPLICATE_METHOD_MATCH = YES;
				COPY_PHASE_STRIP = NO;
				DEBUG_INFORMATION_FORMAT = dwarf;
				ENABLE_STRICT_OBJC_MSGSEND = YES;
				ENABLE_TESTABILITY = YES;
				GCC_C_LANGUAGE_STANDARD = gnu11;
				GCC_DYNAMIC_NO_PIC = NO;
				GCC_NO_COMMON_BLOCKS = YES;
				GCC_OPTIMIZATION_LEVEL = 0;
				GCC_PREPROCESSOR_DEFINITIONS = (
					"DEBUG=1",
					"$(inherited)",
				);
				GCC_WARN_64_TO_32_BIT_CONVERSION = YES;
				GCC_WARN_ABOUT_RETURN_TYPE = YES_ERROR;
				GCC_WARN_UNDECLARED_SELECTOR = YES;
				GCC_WARN_UNINITIALIZED_AUTOS = YES_AGGRESSIVE;
				GCC_WARN_UNUSED_FUNCTION = YES;
				GCC_WARN_UNUSED_VARIABLE = YES;
				IPHONEOS_DEPLOYMENT_TARGET = 14.5;
				MTL_ENABLE_DEBUG_INFO = INCLUDE_SOURCE;
				MTL_FAST_MATH = YES;
				ONLY_ACTIVE_ARCH = YES;
				SDKROOT = iphoneos;
				SWIFT_ACTIVE_COMPILATION_CONDITIONS = DEBUG;
				SWIFT_OPTIMIZATION_LEVEL = "-Onone";
			};
			name = Debug;
		};
		1898A613286C42BB006806F8 /* Release */ = {
			isa = XCBuildConfiguration;
			buildSettings = {
				ALWAYS_SEARCH_USER_PATHS = NO;
				CLANG_ANALYZER_NONNULL = YES;
				CLANG_ANALYZER_NUMBER_OBJECT_CONVERSION = YES_AGGRESSIVE;
				CLANG_CXX_LANGUAGE_STANDARD = "gnu++14";
				CLANG_CXX_LIBRARY = "libc++";
				CLANG_ENABLE_MODULES = YES;
				CLANG_ENABLE_OBJC_ARC = YES;
				CLANG_ENABLE_OBJC_WEAK = YES;
				CLANG_WARN_BLOCK_CAPTURE_AUTORELEASING = YES;
				CLANG_WARN_BOOL_CONVERSION = YES;
				CLANG_WARN_COMMA = YES;
				CLANG_WARN_CONSTANT_CONVERSION = YES;
				CLANG_WARN_DEPRECATED_OBJC_IMPLEMENTATIONS = YES;
				CLANG_WARN_DIRECT_OBJC_ISA_USAGE = YES_ERROR;
				CLANG_WARN_DOCUMENTATION_COMMENTS = YES;
				CLANG_WARN_EMPTY_BODY = YES;
				CLANG_WARN_ENUM_CONVERSION = YES;
				CLANG_WARN_INFINITE_RECURSION = YES;
				CLANG_WARN_INT_CONVERSION = YES;
				CLANG_WARN_NON_LITERAL_NULL_CONVERSION = YES;
				CLANG_WARN_OBJC_IMPLICIT_RETAIN_SELF = YES;
				CLANG_WARN_OBJC_LITERAL_CONVERSION = YES;
				CLANG_WARN_OBJC_ROOT_CLASS = YES_ERROR;
				CLANG_WARN_QUOTED_INCLUDE_IN_FRAMEWORK_HEADER = YES;
				CLANG_WARN_RANGE_LOOP_ANALYSIS = YES;
				CLANG_WARN_STRICT_PROTOTYPES = YES;
				CLANG_WARN_SUSPICIOUS_MOVE = YES;
				CLANG_WARN_UNGUARDED_AVAILABILITY = YES_AGGRESSIVE;
				CLANG_WARN_UNREACHABLE_CODE = YES;
				CLANG_WARN__DUPLICATE_METHOD_MATCH = YES;
				COPY_PHASE_STRIP = NO;
				DEBUG_INFORMATION_FORMAT = "dwarf-with-dsym";
				ENABLE_NS_ASSERTIONS = NO;
				ENABLE_STRICT_OBJC_MSGSEND = YES;
				GCC_C_LANGUAGE_STANDARD = gnu11;
				GCC_NO_COMMON_BLOCKS = YES;
				GCC_WARN_64_TO_32_BIT_CONVERSION = YES;
				GCC_WARN_ABOUT_RETURN_TYPE = YES_ERROR;
				GCC_WARN_UNDECLARED_SELECTOR = YES;
				GCC_WARN_UNINITIALIZED_AUTOS = YES_AGGRESSIVE;
				GCC_WARN_UNUSED_FUNCTION = YES;
				GCC_WARN_UNUSED_VARIABLE = YES;
				IPHONEOS_DEPLOYMENT_TARGET = 14.5;
				MTL_ENABLE_DEBUG_INFO = NO;
				MTL_FAST_MATH = YES;
				SDKROOT = iphoneos;
				SWIFT_COMPILATION_MODE = wholemodule;
				SWIFT_OPTIMIZATION_LEVEL = "-O";
				VALIDATE_PRODUCT = YES;
			};
			name = Release;
		};
		1898A615286C42BB006806F8 /* Debug */ = {
			isa = XCBuildConfiguration;
			baseConfigurationReference = A39F0685D5CC3AA1416F3718 /* Pods-Task.debug.xcconfig */;
			buildSettings = {
				ASSETCATALOG_COMPILER_APPICON_NAME = AppIcon;
				ASSETCATALOG_COMPILER_GLOBAL_ACCENT_COLOR_NAME = AccentColor;
				CODE_SIGN_STYLE = Automatic;
				INFOPLIST_FILE = Task/Info.plist;
				IPHONEOS_DEPLOYMENT_TARGET = 13.0;
				LD_RUNPATH_SEARCH_PATHS = (
					"$(inherited)",
					"@executable_path/Frameworks",
				);
				PRODUCT_BUNDLE_IDENTIFIER = com.sample.Task;
				PRODUCT_NAME = "$(TARGET_NAME)";
				SWIFT_VERSION = 5.0;
				TARGETED_DEVICE_FAMILY = "1,2";
			};
			name = Debug;
		};
		1898A616286C42BB006806F8 /* Release */ = {
			isa = XCBuildConfiguration;
			baseConfigurationReference = CD5353CE08E1A77CA42080C1 /* Pods-Task.release.xcconfig */;
			buildSettings = {
				ASSETCATALOG_COMPILER_APPICON_NAME = AppIcon;
				ASSETCATALOG_COMPILER_GLOBAL_ACCENT_COLOR_NAME = AccentColor;
				CODE_SIGN_STYLE = Automatic;
				INFOPLIST_FILE = Task/Info.plist;
				IPHONEOS_DEPLOYMENT_TARGET = 13.0;
				LD_RUNPATH_SEARCH_PATHS = (
					"$(inherited)",
					"@executable_path/Frameworks",
				);
				PRODUCT_BUNDLE_IDENTIFIER = com.sample.Task;
				PRODUCT_NAME = "$(TARGET_NAME)";
				SWIFT_VERSION = 5.0;
				TARGETED_DEVICE_FAMILY = "1,2";
			};
			name = Release;
		};
		1898A618286C42BB006806F8 /* Debug */ = {
			isa = XCBuildConfiguration;
			baseConfigurationReference = 127C40295EE3267BEA719761 /* Pods-TaskTests.debug.xcconfig */;
			buildSettings = {
				ALWAYS_EMBED_SWIFT_STANDARD_LIBRARIES = YES;
				BUNDLE_LOADER = "$(TEST_HOST)";
				CODE_SIGN_STYLE = Automatic;
				INFOPLIST_FILE = TaskTests/Info.plist;
				IPHONEOS_DEPLOYMENT_TARGET = 14.5;
				LD_RUNPATH_SEARCH_PATHS = (
					"$(inherited)",
					"@executable_path/Frameworks",
					"@loader_path/Frameworks",
				);
				PRODUCT_BUNDLE_IDENTIFIER = com.sample.TaskTests;
				PRODUCT_NAME = "$(TARGET_NAME)";
				SWIFT_VERSION = 5.0;
				TARGETED_DEVICE_FAMILY = "1,2";
				TEST_HOST = "$(BUILT_PRODUCTS_DIR)/Task.app/Task";
			};
			name = Debug;
		};
		1898A619286C42BB006806F8 /* Release */ = {
			isa = XCBuildConfiguration;
			baseConfigurationReference = 4B0703F633AC8A673F424B17 /* Pods-TaskTests.release.xcconfig */;
			buildSettings = {
				ALWAYS_EMBED_SWIFT_STANDARD_LIBRARIES = YES;
				BUNDLE_LOADER = "$(TEST_HOST)";
				CODE_SIGN_STYLE = Automatic;
				INFOPLIST_FILE = TaskTests/Info.plist;
				IPHONEOS_DEPLOYMENT_TARGET = 14.5;
				LD_RUNPATH_SEARCH_PATHS = (
					"$(inherited)",
					"@executable_path/Frameworks",
					"@loader_path/Frameworks",
				);
				PRODUCT_BUNDLE_IDENTIFIER = com.sample.TaskTests;
				PRODUCT_NAME = "$(TARGET_NAME)";
				SWIFT_VERSION = 5.0;
				TARGETED_DEVICE_FAMILY = "1,2";
				TEST_HOST = "$(BUILT_PRODUCTS_DIR)/Task.app/Task";
			};
			name = Release;
		};
		1898A61B286C42BB006806F8 /* Debug */ = {
			isa = XCBuildConfiguration;
			baseConfigurationReference = AAA5AD4D684F457120E97AD1 /* Pods-Task-TaskUITests.debug.xcconfig */;
			buildSettings = {
				ALWAYS_EMBED_SWIFT_STANDARD_LIBRARIES = YES;
				CODE_SIGN_STYLE = Automatic;
				INFOPLIST_FILE = TaskUITests/Info.plist;
				LD_RUNPATH_SEARCH_PATHS = (
					"$(inherited)",
					"@executable_path/Frameworks",
					"@loader_path/Frameworks",
				);
				PRODUCT_BUNDLE_IDENTIFIER = com.sample.TaskUITests;
				PRODUCT_NAME = "$(TARGET_NAME)";
				SWIFT_VERSION = 5.0;
				TARGETED_DEVICE_FAMILY = "1,2";
				TEST_TARGET_NAME = Task;
			};
			name = Debug;
		};
		1898A61C286C42BB006806F8 /* Release */ = {
			isa = XCBuildConfiguration;
			baseConfigurationReference = 1EDA4C8884280FB911E7972B /* Pods-Task-TaskUITests.release.xcconfig */;
			buildSettings = {
				ALWAYS_EMBED_SWIFT_STANDARD_LIBRARIES = YES;
				CODE_SIGN_STYLE = Automatic;
				INFOPLIST_FILE = TaskUITests/Info.plist;
				LD_RUNPATH_SEARCH_PATHS = (
					"$(inherited)",
					"@executable_path/Frameworks",
					"@loader_path/Frameworks",
				);
				PRODUCT_BUNDLE_IDENTIFIER = com.sample.TaskUITests;
				PRODUCT_NAME = "$(TARGET_NAME)";
				SWIFT_VERSION = 5.0;
				TARGETED_DEVICE_FAMILY = "1,2";
				TEST_TARGET_NAME = Task;
			};
			name = Release;
		};
/* End XCBuildConfiguration section */

/* Begin XCConfigurationList section */
		1898A5E5286C42B9006806F8 /* Build configuration list for PBXProject "Task" */ = {
			isa = XCConfigurationList;
			buildConfigurations = (
				1898A612286C42BB006806F8 /* Debug */,
				1898A613286C42BB006806F8 /* Release */,
			);
			defaultConfigurationIsVisible = 0;
			defaultConfigurationName = Release;
		};
		1898A614286C42BB006806F8 /* Build configuration list for PBXNativeTarget "Task" */ = {
			isa = XCConfigurationList;
			buildConfigurations = (
				1898A615286C42BB006806F8 /* Debug */,
				1898A616286C42BB006806F8 /* Release */,
			);
			defaultConfigurationIsVisible = 0;
			defaultConfigurationName = Release;
		};
		1898A617286C42BB006806F8 /* Build configuration list for PBXNativeTarget "TaskTests" */ = {
			isa = XCConfigurationList;
			buildConfigurations = (
				1898A618286C42BB006806F8 /* Debug */,
				1898A619286C42BB006806F8 /* Release */,
			);
			defaultConfigurationIsVisible = 0;
			defaultConfigurationName = Release;
		};
		1898A61A286C42BB006806F8 /* Build configuration list for PBXNativeTarget "TaskUITests" */ = {
			isa = XCConfigurationList;
			buildConfigurations = (
				1898A61B286C42BB006806F8 /* Debug */,
				1898A61C286C42BB006806F8 /* Release */,
			);
			defaultConfigurationIsVisible = 0;
			defaultConfigurationName = Release;
		};
/* End XCConfigurationList section */
	};
	rootObject = 1898A5E2286C42B9006806F8 /* Project object */;
}
